
Microsoft Visual Studio Solution File, Format Version 12.00
# Visual Studio Version 17
VisualStudioVersion = 17.4.33403.182
MinimumVisualStudioVersion = 10.0.40219.1
Project("{8BC9CEB8-8B4A-11D0-8D11-00A0C91BC942}") = "complex-number-calculator 1.0", "complex-number-calculator 1.0\complex-number-calculator 1.0.vcxproj", "{2748E407-AFA1-449D-AAC5-5DDBA36BB1B9}"
EndProject
Global
	GlobalSection(SolutionConfigurationPlatforms) = preSolution
		Debug|x64 = Debug|x64
		Debug|x86 = Debug|x86
		Release|x64 = Release|x64
		Release|x86 = Release|x86
	EndGlobalSection
	GlobalSection(ProjectConfigurationPlatforms) = postSolution
		{2748E407-AFA1-449D-AAC5-5DDBA36BB1B9}.Debug|x64.ActiveCfg = Debug|x64
		{2748E407-AFA1-449D-AAC5-5DDBA36BB1B9}.Debug|x64.Build.0 = Debug|x64
		{2748E407-AFA1-449D-AAC5-5DDBA36BB1B9}.Debug|x86.ActiveCfg = Debug|Win32
		{2748E407-AFA1-449D-AAC5-5DDBA36BB1B9}.Debug|x86.Build.0 = Debug|Win32
		{2748E407-AFA1-449D-AAC5-5DDBA36BB1B9}.Release|x64.ActiveCfg = Release|x64
		{2748E407-AFA1-449D-AAC5-5DDBA36BB1B9}.Release|x64.Build.0 = Release|x64
		{2748E407-AFA1-449D-AAC5-5DDBA36BB1B9}.Release|x86.ActiveCfg = Release|Win32
		{2748E407-AFA1-449D-AAC5-5DDBA36BB1B9}.Release|x86.Build.0 = Release|Win32
	EndGlobalSection
	GlobalSection(SolutionProperties) = preSolution
		HideSolutionNode = FALSE
	EndGlobalSection
	GlobalSection(ExtensibilityGlobals) = postSolution
		SolutionGuid = {02262028-CA16-4261-AC07-CCAA2AA43111}
	EndGlobalSection
EndGlobal
